
Microsoft Visual Studio Solution File, Format Version 12.00
# Visual Studio Version 16
VisualStudioVersion = 16.0.29025.244
MinimumVisualStudioVersion = 10.0.40219.1
Project("{FAE04EC0-301F-11D3-BF4B-00C04F79EFBC}") = "Target.Site", "Target.Site\Target.Site.csproj", "{D06A1904-30DD-4A10-ADD1-2655D1F614D2}"
EndProject
Project("{FAE04EC0-301F-11D3-BF4B-00C04F79EFBC}") = "Attacker.Site", "Attacker.Site\Attacker.Site.csproj", "{45AA8862-E7F6-40F1-98D4-BCDD36725F63}"
EndProject
Project("{2150E333-8FDC-42A3-9474-1A3956D46DE8}") = "Solution Items", "Solution Items", "{BF830B83-A61E-45C4-80C9-449021625111}"
	ProjectSection(SolutionItems) = preProject
		README.md = README.md
	EndProjectSection
EndProject
Global
	GlobalSection(SolutionConfigurationPlatforms) = preSolution
		Debug|Any CPU = Debug|Any CPU
		Release|Any CPU = Release|Any CPU
	EndGlobalSection
	GlobalSection(ProjectConfigurationPlatforms) = postSolution
		{D06A1904-30DD-4A10-ADD1-2655D1F614D2}.Debug|Any CPU.ActiveCfg = Debug|Any CPU
		{D06A1904-30DD-4A10-ADD1-2655D1F614D2}.Debug|Any CPU.Build.0 = Debug|Any CPU
		{D06A1904-30DD-4A10-ADD1-2655D1F614D2}.Release|Any CPU.ActiveCfg = Release|Any CPU
		{D06A1904-30DD-4A10-ADD1-2655D1F614D2}.Release|Any CPU.Build.0 = Release|Any CPU
		{45AA8862-E7F6-40F1-98D4-BCDD36725F63}.Debug|Any CPU.ActiveCfg = Debug|Any CPU
		{45AA8862-E7F6-40F1-98D4-BCDD36725F63}.Debug|Any CPU.Build.0 = Debug|Any CPU
		{45AA8862-E7F6-40F1-98D4-BCDD36725F63}.Release|Any CPU.ActiveCfg = Release|Any CPU
		{45AA8862-E7F6-40F1-98D4-BCDD36725F63}.Release|Any CPU.Build.0 = Release|Any CPU
	EndGlobalSection
	GlobalSection(SolutionProperties) = preSolution
		HideSolutionNode = FALSE
	EndGlobalSection
	GlobalSection(ExtensibilityGlobals) = postSolution
		SolutionGuid = {0CDD326A-1F96-4AF3-A155-C02FA375B317}
	EndGlobalSection
EndGlobal
